
Microsoft Visual Studio Solution File, Format Version 12.00
# Visual Studio Version 17
VisualStudioVersion = 17.7.34031.279
MinimumVisualStudioVersion = 10.0.40219.1
Project("{FAE04EC0-301F-11D3-BF4B-00C04F79EFBC}") = "edu.PR.EjercicioJaimeCorregido", "edu.PR.EjercicioJaimeCorregido\edu.PR.EjercicioJaimeCorregido.csproj", "{60BDBECC-B8E6-4B40-AA2E-4507E8CCC7E3}"
EndProject
Global
	GlobalSection(SolutionConfigurationPlatforms) = preSolution
		Debug|Any CPU = Debug|Any CPU
		Release|Any CPU = Release|Any CPU
	EndGlobalSection
	GlobalSection(ProjectConfigurationPlatforms) = postSolution
		{60BDBECC-B8E6-4B40-AA2E-4507E8CCC7E3}.Debug|Any CPU.ActiveCfg = Debug|Any CPU
		{60BDBECC-B8E6-4B40-AA2E-4507E8CCC7E3}.Debug|Any CPU.Build.0 = Debug|Any CPU
		{60BDBECC-B8E6-4B40-AA2E-4507E8CCC7E3}.Release|Any CPU.ActiveCfg = Release|Any CPU
		{60BDBECC-B8E6-4B40-AA2E-4507E8CCC7E3}.Release|Any CPU.Build.0 = Release|Any CPU
	EndGlobalSection
	GlobalSection(SolutionProperties) = preSolution
		HideSolutionNode = FALSE
	EndGlobalSection
	GlobalSection(ExtensibilityGlobals) = postSolution
		SolutionGuid = {823C8B5C-9E6A-4E05-8E35-50133E714288}
	EndGlobalSection
EndGlobal
